
Microsoft Visual Studio Solution File, Format Version 12.00
# Visual Studio 14
VisualStudioVersion = 14.0.24720.0
MinimumVisualStudioVersion = 10.0.40219.1
Project("{FAE04EC0-301F-11D3-BF4B-00C04F79EFBC}") = "ConstructIT", "ConstructIT\ConstructIT.csproj", "{E1349BEC-2556-49AD-90AC-0FB45B1C68E4}"
EndProject
Project("{FAE04EC0-301F-11D3-BF4B-00C04F79EFBC}") = "ConstructIT.DAL", "ConstructIT.DAL\ConstructIT.DAL.csproj", "{DB0DC861-1056-492B-8BF4-714BBE957839}"
EndProject
Global
	GlobalSection(SolutionConfigurationPlatforms) = preSolution
		Debug|Any CPU = Debug|Any CPU
		Release|Any CPU = Release|Any CPU
	EndGlobalSection
	GlobalSection(ProjectConfigurationPlatforms) = postSolution
		{E1349BEC-2556-49AD-90AC-0FB45B1C68E4}.Debug|Any CPU.ActiveCfg = Debug|Any CPU
		{E1349BEC-2556-49AD-90AC-0FB45B1C68E4}.Debug|Any CPU.Build.0 = Debug|Any CPU
		{E1349BEC-2556-49AD-90AC-0FB45B1C68E4}.Release|Any CPU.ActiveCfg = Release|Any CPU
		{E1349BEC-2556-49AD-90AC-0FB45B1C68E4}.Release|Any CPU.Build.0 = Release|Any CPU
		{DB0DC861-1056-492B-8BF4-714BBE957839}.Debug|Any CPU.ActiveCfg = Debug|Any CPU
		{DB0DC861-1056-492B-8BF4-714BBE957839}.Debug|Any CPU.Build.0 = Debug|Any CPU
		{DB0DC861-1056-492B-8BF4-714BBE957839}.Release|Any CPU.ActiveCfg = Release|Any CPU
		{DB0DC861-1056-492B-8BF4-714BBE957839}.Release|Any CPU.Build.0 = Release|Any CPU
	EndGlobalSection
	GlobalSection(SolutionProperties) = preSolution
		HideSolutionNode = FALSE
	EndGlobalSection
EndGlobal
